
Microsoft Visual Studio Solution File, Format Version 12.00
# Visual Studio 2017
Project("{FAE04EC0-301F-11D3-BF4B-00C04F79EFBC}") = "MessageHandlers", "MessageHandlers\MessageHandlers.csproj", "{C0A0B6FA-2D77-4881-9C2F-D40B95171653}"
EndProject
Global
	GlobalSection(SolutionConfigurationPlatforms) = preSolution
		Debug|Any CPU = Debug|Any CPU
		Release|Any CPU = Release|Any CPU
	EndGlobalSection
	GlobalSection(ProjectConfigurationPlatforms) = postSolution
		{C0A0B6FA-2D77-4881-9C2F-D40B95171653}.Debug|Any CPU.ActiveCfg = Debug|Any CPU
		{C0A0B6FA-2D77-4881-9C2F-D40B95171653}.Debug|Any CPU.Build.0 = Debug|Any CPU
		{C0A0B6FA-2D77-4881-9C2F-D40B95171653}.Release|Any CPU.ActiveCfg = Release|Any CPU
		{C0A0B6FA-2D77-4881-9C2F-D40B95171653}.Release|Any CPU.Build.0 = Release|Any CPU
	EndGlobalSection
EndGlobal
